// !$*UTF8*$!
{
	archiveVersion = 1;
	classes = {
	};
	objectVersion = 55;
	objects = {

/* Begin PBXBuildFile section */
		AE1AB226289D5017004276DE /* Tests_iOS.swift in Sources */ = {isa = PBXBuildFile; fileRef = AE1AB225289D5017004276DE /* Tests_iOS.swift */; };
		AE1AB228289D5017004276DE /* Tests_iOSLaunchTests.swift in Sources */ = {isa = PBXBuildFile; fileRef = AE1AB227289D5017004276DE /* Tests_iOSLaunchTests.swift */; };
		AE1AB232289D5017004276DE /* Tests_macOS.swift in Sources */ = {isa = PBXBuildFile; fileRef = AE1AB231289D5017004276DE /* Tests_macOS.swift */; };
		AE1AB234289D5017004276DE /* Tests_macOSLaunchTests.swift in Sources */ = {isa = PBXBuildFile; fileRef = AE1AB233289D5017004276DE /* Tests_macOSLaunchTests.swift */; };
		AE1AB235289D5017004276DE /* PracticioApp.swift in Sources */ = {isa = PBXBuildFile; fileRef = AE1AB20D289D5013004276DE /* PracticioApp.swift */; };
		AE1AB236289D5017004276DE /* PracticioApp.swift in Sources */ = {isa = PBXBuildFile; fileRef = AE1AB20D289D5013004276DE /* PracticioApp.swift */; };
		AE1AB237289D5017004276DE /* ContentView.swift in Sources */ = {isa = PBXBuildFile; fileRef = AE1AB20E289D5013004276DE /* ContentView.swift */; };
		AE1AB238289D5017004276DE /* ContentView.swift in Sources */ = {isa = PBXBuildFile; fileRef = AE1AB20E289D5013004276DE /* ContentView.swift */; };
		AE1AB239289D5017004276DE /* Assets.xcassets in Resources */ = {isa = PBXBuildFile; fileRef = AE1AB20F289D5017004276DE /* Assets.xcassets */; };
		AE1AB23A289D5017004276DE /* Assets.xcassets in Resources */ = {isa = PBXBuildFile; fileRef = AE1AB20F289D5017004276DE /* Assets.xcassets */; };
		AE1AB24A289D50B8004276DE /* DataModel.swift in Sources */ = {isa = PBXBuildFile; fileRef = AE1AB249289D50B8004276DE /* DataModel.swift */; };
		AE1AB24B289D50B8004276DE /* DataModel.swift in Sources */ = {isa = PBXBuildFile; fileRef = AE1AB249289D50B8004276DE /* DataModel.swift */; };
		AE1AB24E289D5165004276DE /* PracticioModel.xcdatamodeld in Sources */ = {isa = PBXBuildFile; fileRef = AE1AB24C289D5165004276DE /* PracticioModel.xcdatamodeld */; };
		AE1AB24F289D5165004276DE /* PracticioModel.xcdatamodeld in Sources */ = {isa = PBXBuildFile; fileRef = AE1AB24C289D5165004276DE /* PracticioModel.xcdatamodeld */; };
		AE1AB251289D6412004276DE /* CategoriesView.swift in Sources */ = {isa = PBXBuildFile; fileRef = AE1AB250289D6412004276DE /* CategoriesView.swift */; };
		AE1AB252289D6412004276DE /* CategoriesView.swift in Sources */ = {isa = PBXBuildFile; fileRef = AE1AB250289D6412004276DE /* CategoriesView.swift */; };
		AE1AB254289D6556004276DE /* CategoryView.swift in Sources */ = {isa = PBXBuildFile; fileRef = AE1AB253289D6556004276DE /* CategoryView.swift */; };
		AE1AB255289D6556004276DE /* CategoryView.swift in Sources */ = {isa = PBXBuildFile; fileRef = AE1AB253289D6556004276DE /* CategoryView.swift */; };
		AE1AB257289D7AD5004276DE /* ItemView.swift in Sources */ = {isa = PBXBuildFile; fileRef = AE1AB256289D7AD5004276DE /* ItemView.swift */; };
		AE1AB258289D7AD5004276DE /* ItemView.swift in Sources */ = {isa = PBXBuildFile; fileRef = AE1AB256289D7AD5004276DE /* ItemView.swift */; };
		AE1AB25A289DA36F004276DE /* Utils.swift in Sources */ = {isa = PBXBuildFile; fileRef = AE1AB259289DA36F004276DE /* Utils.swift */; };
		AE1AB25B289DA36F004276DE /* Utils.swift in Sources */ = {isa = PBXBuildFile; fileRef = AE1AB259289DA36F004276DE /* Utils.swift */; };
		AE1AB25D289EC12C004276DE /* TextInputView.swift in Sources */ = {isa = PBXBuildFile; fileRef = AE1AB25C289EC12C004276DE /* TextInputView.swift */; };
		AE1AB25E289EC12C004276DE /* TextInputView.swift in Sources */ = {isa = PBXBuildFile; fileRef = AE1AB25C289EC12C004276DE /* TextInputView.swift */; };
/* End PBXBuildFile section */

/* Begin PBXContainerItemProxy section */
		AE1AB222289D5017004276DE /* PBXContainerItemProxy */ = {
			isa = PBXContainerItemProxy;
			containerPortal = AE1AB208289D5012004276DE /* Project object */;
			proxyType = 1;
			remoteGlobalIDString = AE1AB213289D5017004276DE;
			remoteInfo = "Practicio (iOS)";
		};
		AE1AB22E289D5017004276DE /* PBXContainerItemProxy */ = {
			isa = PBXContainerItemProxy;
			containerPortal = AE1AB208289D5012004276DE /* Project object */;
			proxyType = 1;
			remoteGlobalIDString = AE1AB219289D5017004276DE;
			remoteInfo = "Practicio (macOS)";
		};
/* End PBXContainerItemProxy section */

/* Begin PBXFileReference section */
		AE1AB20D289D5013004276DE /* PracticioApp.swift */ = {isa = PBXFileReference; lastKnownFileType = sourcecode.swift; path = PracticioApp.swift; sourceTree = "<group>"; };
		AE1AB20E289D5013004276DE /* ContentView.swift */ = {isa = PBXFileReference; lastKnownFileType = sourcecode.swift; path = ContentView.swift; sourceTree = "<group>"; };
		AE1AB20F289D5017004276DE /* Assets.xcassets */ = {isa = PBXFileReference; lastKnownFileType = folder.assetcatalog; path = Assets.xcassets; sourceTree = "<group>"; };
		AE1AB214289D5017004276DE /* Practicio.app */ = {isa = PBXFileReference; explicitFileType = wrapper.application; includeInIndex = 0; path = Practicio.app; sourceTree = BUILT_PRODUCTS_DIR; };
		AE1AB21A289D5017004276DE /* Practicio.app */ = {isa = PBXFileReference; explicitFileType = wrapper.application; includeInIndex = 0; path = Practicio.app; sourceTree = BUILT_PRODUCTS_DIR; };
		AE1AB21C289D5017004276DE /* macOS.entitlements */ = {isa = PBXFileReference; lastKnownFileType = text.plist.entitlements; path = macOS.entitlements; sourceTree = "<group>"; };
		AE1AB221289D5017004276DE /* Tests iOS.xctest */ = {isa = PBXFileReference; explicitFileType = wrapper.cfbundle; includeInIndex = 0; path = "Tests iOS.xctest"; sourceTree = BUILT_PRODUCTS_DIR; };
		AE1AB225289D5017004276DE /* Tests_iOS.swift */ = {isa = PBXFileReference; lastKnownFileType = sourcecode.swift; path = Tests_iOS.swift; sourceTree = "<group>"; };
		AE1AB227289D5017004276DE /* Tests_iOSLaunchTests.swift */ = {isa = PBXFileReference; lastKnownFileType = sourcecode.swift; path = Tests_iOSLaunchTests.swift; sourceTree = "<group>"; };
		AE1AB22D289D5017004276DE /* Tests macOS.xctest */ = {isa = PBXFileReference; explicitFileType = wrapper.cfbundle; includeInIndex = 0; path = "Tests macOS.xctest"; sourceTree = BUILT_PRODUCTS_DIR; };
		AE1AB231289D5017004276DE /* Tests_macOS.swift */ = {isa = PBXFileReference; lastKnownFileType = sourcecode.swift; path = Tests_macOS.swift; sourceTree = "<group>"; };
		AE1AB233289D5017004276DE /* Tests_macOSLaunchTests.swift */ = {isa = PBXFileReference; lastKnownFileType = sourcecode.swift; path = Tests_macOSLaunchTests.swift; sourceTree = "<group>"; };
		AE1AB249289D50B8004276DE /* DataModel.swift */ = {isa = PBXFileReference; lastKnownFileType = sourcecode.swift; path = DataModel.swift; sourceTree = "<group>"; };
		AE1AB24D289D5165004276DE /* PracticioModel.xcdatamodel */ = {isa = PBXFileReference; lastKnownFileType = wrapper.xcdatamodel; path = PracticioModel.xcdatamodel; sourceTree = "<group>"; };
		AE1AB250289D6412004276DE /* CategoriesView.swift */ = {isa = PBXFileReference; lastKnownFileType = sourcecode.swift; path = CategoriesView.swift; sourceTree = "<group>"; };
		AE1AB253289D6556004276DE /* CategoryView.swift */ = {isa = PBXFileReference; lastKnownFileType = sourcecode.swift; path = CategoryView.swift; sourceTree = "<group>"; };
		AE1AB256289D7AD5004276DE /* ItemView.swift */ = {isa = PBXFileReference; lastKnownFileType = sourcecode.swift; path = ItemView.swift; sourceTree = "<group>"; };
		AE1AB259289DA36F004276DE /* Utils.swift */ = {isa = PBXFileReference; lastKnownFileType = sourcecode.swift; path = Utils.swift; sourceTree = "<group>"; };
		AE1AB25C289EC12C004276DE /* TextInputView.swift */ = {isa = PBXFileReference; lastKnownFileType = sourcecode.swift; path = TextInputView.swift; sourceTree = "<group>"; };
/* End PBXFileReference section */

/* Begin PBXFrameworksBuildPhase section */
		AE1AB211289D5017004276DE /* Frameworks */ = {
			isa = PBXFrameworksBuildPhase;
			buildActionMask = 2147483647;
			files = (
			);
			runOnlyForDeploymentPostprocessing = 0;
		};
		AE1AB217289D5017004276DE /* Frameworks */ = {
			isa = PBXFrameworksBuildPhase;
			buildActionMask = 2147483647;
			files = (
			);
			runOnlyForDeploymentPostprocessing = 0;
		};
		AE1AB21E289D5017004276DE /* Frameworks */ = {
			isa = PBXFrameworksBuildPhase;
			buildActionMask = 2147483647;
			files = (
			);
			runOnlyForDeploymentPostprocessing = 0;
		};
		AE1AB22A289D5017004276DE /* Frameworks */ = {
			isa = PBXFrameworksBuildPhase;
			buildActionMask = 2147483647;
			files = (
			);
			runOnlyForDeploymentPostprocessing = 0;
		};
/* End PBXFrameworksBuildPhase section */

/* Begin PBXGroup section */
		AE1AB207289D5012004276DE = {
			isa = PBXGroup;
			children = (
				AE1AB20C289D5013004276DE /* Shared */,
				AE1AB21B289D5017004276DE /* macOS */,
				AE1AB224289D5017004276DE /* Tests iOS */,
				AE1AB230289D5017004276DE /* Tests macOS */,
				AE1AB215289D5017004276DE /* Products */,
			);
			sourceTree = "<group>";
		};
		AE1AB20C289D5013004276DE /* Shared */ = {
			isa = PBXGroup;
			children = (
				AE1AB20E289D5013004276DE /* ContentView.swift */,
				AE1AB253289D6556004276DE /* CategoryView.swift */,
				AE1AB250289D6412004276DE /* CategoriesView.swift */,
				AE1AB249289D50B8004276DE /* DataModel.swift */,
				AE1AB256289D7AD5004276DE /* ItemView.swift */,
				AE1AB20D289D5013004276DE /* PracticioApp.swift */,
				AE1AB259289DA36F004276DE /* Utils.swift */,
				AE1AB25C289EC12C004276DE /* TextInputView.swift */,
				AE1AB24C289D5165004276DE /* PracticioModel.xcdatamodeld */,
				AE1AB20F289D5017004276DE /* Assets.xcassets */,
			);
			path = Shared;
			sourceTree = "<group>";
		};
		AE1AB215289D5017004276DE /* Products */ = {
			isa = PBXGroup;
			children = (
				AE1AB214289D5017004276DE /* Practicio.app */,
				AE1AB21A289D5017004276DE /* Practicio.app */,
				AE1AB221289D5017004276DE /* Tests iOS.xctest */,
				AE1AB22D289D5017004276DE /* Tests macOS.xctest */,
			);
			name = Products;
			sourceTree = "<group>";
		};
		AE1AB21B289D5017004276DE /* macOS */ = {
			isa = PBXGroup;
			children = (
				AE1AB21C289D5017004276DE /* macOS.entitlements */,
			);
			path = macOS;
			sourceTree = "<group>";
		};
		AE1AB224289D5017004276DE /* Tests iOS */ = {
			isa = PBXGroup;
			children = (
				AE1AB225289D5017004276DE /* Tests_iOS.swift */,
				AE1AB227289D5017004276DE /* Tests_iOSLaunchTests.swift */,
			);
			path = "Tests iOS";
			sourceTree = "<group>";
		};
		AE1AB230289D5017004276DE /* Tests macOS */ = {
			isa = PBXGroup;
			children = (
				AE1AB231289D5017004276DE /* Tests_macOS.swift */,
				AE1AB233289D5017004276DE /* Tests_macOSLaunchTests.swift */,
			);
			path = "Tests macOS";
			sourceTree = "<group>";
		};
/* End PBXGroup section */

/* Begin PBXNativeTarget section */
		AE1AB213289D5017004276DE /* Practicio (iOS) */ = {
			isa = PBXNativeTarget;
			buildConfigurationList = AE1AB23D289D5017004276DE /* Build configuration list for PBXNativeTarget "Practicio (iOS)" */;
			buildPhases = (
				AE1AB210289D5017004276DE /* Sources */,
				AE1AB211289D5017004276DE /* Frameworks */,
				AE1AB212289D5017004276DE /* Resources */,
			);
			buildRules = (
			);
			dependencies = (
			);
			name = "Practicio (iOS)";
			productName = "Practicio (iOS)";
			productReference = AE1AB214289D5017004276DE /* Practicio.app */;
			productType = "com.apple.product-type.application";
		};
		AE1AB219289D5017004276DE /* Practicio (macOS) */ = {
			isa = PBXNativeTarget;
			buildConfigurationList = AE1AB240289D5017004276DE /* Build configuration list for PBXNativeTarget "Practicio (macOS)" */;
			buildPhases = (
				AE1AB216289D5017004276DE /* Sources */,
				AE1AB217289D5017004276DE /* Frameworks */,
				AE1AB218289D5017004276DE /* Resources */,
			);
			buildRules = (
			);
			dependencies = (
			);
			name = "Practicio (macOS)";
			productName = "Practicio (macOS)";
			productReference = AE1AB21A289D5017004276DE /* Practicio.app */;
			productType = "com.apple.product-type.application";
		};
		AE1AB220289D5017004276DE /* Tests iOS */ = {
			isa = PBXNativeTarget;
			buildConfigurationList = AE1AB243289D5017004276DE /* Build configuration list for PBXNativeTarget "Tests iOS" */;
			buildPhases = (
				AE1AB21D289D5017004276DE /* Sources */,
				AE1AB21E289D5017004276DE /* Frameworks */,
				AE1AB21F289D5017004276DE /* Resources */,
			);
			buildRules = (
			);
			dependencies = (
				AE1AB223289D5017004276DE /* PBXTargetDependency */,
			);
			name = "Tests iOS";
			productName = "Tests iOS";
			productReference = AE1AB221289D5017004276DE /* Tests iOS.xctest */;
			productType = "com.apple.product-type.bundle.ui-testing";
		};
		AE1AB22C289D5017004276DE /* Tests macOS */ = {
			isa = PBXNativeTarget;
			buildConfigurationList = AE1AB246289D5017004276DE /* Build configuration list for PBXNativeTarget "Tests macOS" */;
			buildPhases = (
				AE1AB229289D5017004276DE /* Sources */,
				AE1AB22A289D5017004276DE /* Frameworks */,
				AE1AB22B289D5017004276DE /* Resources */,
			);
			buildRules = (
			);
			dependencies = (
				AE1AB22F289D5017004276DE /* PBXTargetDependency */,
			);
			name = "Tests macOS";
			productName = "Tests macOS";
			productReference = AE1AB22D289D5017004276DE /* Tests macOS.xctest */;
			productType = "com.apple.product-type.bundle.ui-testing";
		};
/* End PBXNativeTarget section */

/* Begin PBXProject section */
		AE1AB208289D5012004276DE /* Project object */ = {
			isa = PBXProject;
			attributes = {
				BuildIndependentTargetsInParallel = 1;
				LastSwiftUpdateCheck = 1340;
				LastUpgradeCheck = 1340;
				TargetAttributes = {
					AE1AB213289D5017004276DE = {
						CreatedOnToolsVersion = 13.4.1;
					};
					AE1AB219289D5017004276DE = {
						CreatedOnToolsVersion = 13.4.1;
					};
					AE1AB220289D5017004276DE = {
						CreatedOnToolsVersion = 13.4.1;
						TestTargetID = AE1AB213289D5017004276DE;
					};
					AE1AB22C289D5017004276DE = {
						CreatedOnToolsVersion = 13.4.1;
						TestTargetID = AE1AB219289D5017004276DE;
					};
				};
			};
			buildConfigurationList = AE1AB20B289D5012004276DE /* Build configuration list for PBXProject "Practicio" */;
			compatibilityVersion = "Xcode 13.0";
			developmentRegion = en;
			hasScannedForEncodings = 0;
			knownRegions = (
				en,
				Base,
			);
			mainGroup = AE1AB207289D5012004276DE;
			productRefGroup = AE1AB215289D5017004276DE /* Products */;
			projectDirPath = "";
			projectRoot = "";
			targets = (
				AE1AB213289D5017004276DE /* Practicio (iOS) */,
				AE1AB219289D5017004276DE /* Practicio (macOS) */,
				AE1AB220289D5017004276DE /* Tests iOS */,
				AE1AB22C289D5017004276DE /* Tests macOS */,
			);
		};
/* End PBXProject section */

/* Begin PBXResourcesBuildPhase section */
		AE1AB212289D5017004276DE /* Resources */ = {
			isa = PBXResourcesBuildPhase;
			buildActionMask = 2147483647;
			files = (
				AE1AB239289D5017004276DE /* Assets.xcassets in Resources */,
			);
			runOnlyForDeploymentPostprocessing = 0;
		};
		AE1AB218289D5017004276DE /* Resources */ = {
			isa = PBXResourcesBuildPhase;
			buildActionMask = 2147483647;
			files = (
				AE1AB23A289D5017004276DE /* Assets.xcassets in Resources */,
			);
			runOnlyForDeploymentPostprocessing = 0;
		};
		AE1AB21F289D5017004276DE /* Resources */ = {
			isa = PBXResourcesBuildPhase;
			buildActionMask = 2147483647;
			files = (
			);
			runOnlyForDeploymentPostprocessing = 0;
		};
		AE1AB22B289D5017004276DE /* Resources */ = {
			isa = PBXResourcesBuildPhase;
			buildActionMask = 2147483647;
			files = (
			);
			runOnlyForDeploymentPostprocessing = 0;
		};
/* End PBXResourcesBuildPhase section */

/* Begin PBXSourcesBuildPhase section */
		AE1AB210289D5017004276DE /* Sources */ = {
			isa = PBXSourcesBuildPhase;
			buildActionMask = 2147483647;
			files = (
				AE1AB237289D5017004276DE /* ContentView.swift in Sources */,
				AE1AB235289D5017004276DE /* PracticioApp.swift in Sources */,
				AE1AB254289D6556004276DE /* CategoryView.swift in Sources */,
				AE1AB24E289D5165004276DE /* PracticioModel.xcdatamodeld in Sources */,
				AE1AB257289D7AD5004276DE /* ItemView.swift in Sources */,
				AE1AB251289D6412004276DE /* CategoriesView.swift in Sources */,
				AE1AB24A289D50B8004276DE /* DataModel.swift in Sources */,
				AE1AB25A289DA36F004276DE /* Utils.swift in Sources */,
				AE1AB25D289EC12C004276DE /* TextInputView.swift in Sources */,
			);
			runOnlyForDeploymentPostprocessing = 0;
		};
		AE1AB216289D5017004276DE /* Sources */ = {
			isa = PBXSourcesBuildPhase;
			buildActionMask = 2147483647;
			files = (
				AE1AB238289D5017004276DE /* ContentView.swift in Sources */,
				AE1AB236289D5017004276DE /* PracticioApp.swift in Sources */,
				AE1AB255289D6556004276DE /* CategoryView.swift in Sources */,
				AE1AB24F289D5165004276DE /* PracticioModel.xcdatamodeld in Sources */,
				AE1AB258289D7AD5004276DE /* ItemView.swift in Sources */,
				AE1AB252289D6412004276DE /* CategoriesView.swift in Sources */,
				AE1AB24B289D50B8004276DE /* DataModel.swift in Sources */,
				AE1AB25B289DA36F004276DE /* Utils.swift in Sources */,
				AE1AB25E289EC12C004276DE /* TextInputView.swift in Sources */,
			);
			runOnlyForDeploymentPostprocessing = 0;
		};
		AE1AB21D289D5017004276DE /* Sources */ = {
			isa = PBXSourcesBuildPhase;
			buildActionMask = 2147483647;
			files = (
				AE1AB228289D5017004276DE /* Tests_iOSLaunchTests.swift in Sources */,
				AE1AB226289D5017004276DE /* Tests_iOS.swift in Sources */,
			);
			runOnlyForDeploymentPostprocessing = 0;
		};
		AE1AB229289D5017004276DE /* Sources */ = {
			isa = PBXSourcesBuildPhase;
			buildActionMask = 2147483647;
			files = (
				AE1AB234289D5017004276DE /* Tests_macOSLaunchTests.swift in Sources */,
				AE1AB232289D5017004276DE /* Tests_macOS.swift in Sources */,
			);
			runOnlyForDeploymentPostprocessing = 0;
		};
/* End PBXSourcesBuildPhase section */

/* Begin PBXTargetDependency section */
		AE1AB223289D5017004276DE /* PBXTargetDependency */ = {
			isa = PBXTargetDependency;
			target = AE1AB213289D5017004276DE /* Practicio (iOS) */;
			targetProxy = AE1AB222289D5017004276DE /* PBXContainerItemProxy */;
		};
		AE1AB22F289D5017004276DE /* PBXTargetDependency */ = {
			isa = PBXTargetDependency;
			target = AE1AB219289D5017004276DE /* Practicio (macOS) */;
			targetProxy = AE1AB22E289D5017004276DE /* PBXContainerItemProxy */;
		};
/* End PBXTargetDependency section */

/* Begin XCBuildConfiguration section */
		AE1AB23B289D5017004276DE /* Debug */ = {
			isa = XCBuildConfiguration;
			buildSettings = {
				ALWAYS_SEARCH_USER_PATHS = NO;
				CLANG_ANALYZER_NONNULL = YES;
				CLANG_ANALYZER_NUMBER_OBJECT_CONVERSION = YES_AGGRESSIVE;
				CLANG_CXX_LANGUAGE_STANDARD = "gnu++17";
				CLANG_ENABLE_MODULES = YES;
				CLANG_ENABLE_OBJC_ARC = YES;
				CLANG_ENABLE_OBJC_WEAK = YES;
				CLANG_WARN_BLOCK_CAPTURE_AUTORELEASING = YES;
				CLANG_WARN_BOOL_CONVERSION = YES;
				CLANG_WARN_COMMA = YES;
				CLANG_WARN_CONSTANT_CONVERSION = YES;
				CLANG_WARN_DEPRECATED_OBJC_IMPLEMENTATIONS = YES;
				CLANG_WARN_DIRECT_OBJC_ISA_USAGE = YES_ERROR;
				CLANG_WARN_DOCUMENTATION_COMMENTS = YES;
				CLANG_WARN_EMPTY_BODY = YES;
				CLANG_WARN_ENUM_CONVERSION = YES;
				CLANG_WARN_INFINITE_RECURSION = YES;
				CLANG_WARN_INT_CONVERSION = YES;
				CLANG_WARN_NON_LITERAL_NULL_CONVERSION = YES;
				CLANG_WARN_OBJC_IMPLICIT_RETAIN_SELF = YES;
				CLANG_WARN_OBJC_LITERAL_CONVERSION = YES;
				CLANG_WARN_OBJC_ROOT_CLASS = YES_ERROR;
				CLANG_WARN_QUOTED_INCLUDE_IN_FRAMEWORK_HEADER = YES;
				CLANG_WARN_RANGE_LOOP_ANALYSIS = YES;
				CLANG_WARN_STRICT_PROTOTYPES = YES;
				CLANG_WARN_SUSPICIOUS_MOVE = YES;
				CLANG_WARN_UNGUARDED_AVAILABILITY = YES_AGGRESSIVE;
				CLANG_WARN_UNREACHABLE_CODE = YES;
				CLANG_WARN__DUPLICATE_METHOD_MATCH = YES;
				COPY_PHASE_STRIP = NO;
				DEBUG_INFORMATION_FORMAT = dwarf;
				ENABLE_STRICT_OBJC_MSGSEND = YES;
				ENABLE_TESTABILITY = YES;
				GCC_C_LANGUAGE_STANDARD = gnu11;
				GCC_DYNAMIC_NO_PIC = NO;
				GCC_NO_COMMON_BLOCKS = YES;
				GCC_OPTIMIZATION_LEVEL = 0;
				GCC_PREPROCESSOR_DEFINITIONS = (
					"DEBUG=1",
					"$(inherited)",
				);
				GCC_WARN_64_TO_32_BIT_CONVERSION = YES;
				GCC_WARN_ABOUT_RETURN_TYPE = YES_ERROR;
				GCC_WARN_UNDECLARED_SELECTOR = YES;
				GCC_WARN_UNINITIALIZED_AUTOS = YES_AGGRESSIVE;
				GCC_WARN_UNUSED_FUNCTION = YES;
				GCC_WARN_UNUSED_VARIABLE = YES;
				MTL_ENABLE_DEBUG_INFO = INCLUDE_SOURCE;
				MTL_FAST_MATH = YES;
				ONLY_ACTIVE_ARCH = YES;
				SWIFT_ACTIVE_COMPILATION_CONDITIONS = DEBUG;
				SWIFT_OPTIMIZATION_LEVEL = "-Onone";
			};
			name = Debug;
		};
		AE1AB23C289D5017004276DE /* Release */ = {
			isa = XCBuildConfiguration;
			buildSettings = {
				ALWAYS_SEARCH_USER_PATHS = NO;
				CLANG_ANALYZER_NONNULL = YES;
				CLANG_ANALYZER_NUMBER_OBJECT_CONVERSION = YES_AGGRESSIVE;
				CLANG_CXX_LANGUAGE_STANDARD = "gnu++17";
				CLANG_ENABLE_MODULES = YES;
				CLANG_ENABLE_OBJC_ARC = YES;
				CLANG_ENABLE_OBJC_WEAK = YES;
				CLANG_WARN_BLOCK_CAPTURE_AUTORELEASING = YES;
				CLANG_WARN_BOOL_CONVERSION = YES;
				CLANG_WARN_COMMA = YES;
				CLANG_WARN_CONSTANT_CONVERSION = YES;
				CLANG_WARN_DEPRECATED_OBJC_IMPLEMENTATIONS = YES;
				CLANG_WARN_DIRECT_OBJC_ISA_USAGE = YES_ERROR;
				CLANG_WARN_DOCUMENTATION_COMMENTS = YES;
				CLANG_WARN_EMPTY_BODY = YES;
				CLANG_WARN_ENUM_CONVERSION = YES;
				CLANG_WARN_INFINITE_RECURSION = YES;
				CLANG_WARN_INT_CONVERSION = YES;
				CLANG_WARN_NON_LITERAL_NULL_CONVERSION = YES;
				CLANG_WARN_OBJC_IMPLICIT_RETAIN_SELF = YES;
				CLANG_WARN_OBJC_LITERAL_CONVERSION = YES;
				CLANG_WARN_OBJC_ROOT_CLASS = YES_ERROR;
				CLANG_WARN_QUOTED_INCLUDE_IN_FRAMEWORK_HEADER = YES;
				CLANG_WARN_RANGE_LOOP_ANALYSIS = YES;
				CLANG_WARN_STRICT_PROTOTYPES = YES;
				CLANG_WARN_SUSPICIOUS_MOVE = YES;
				CLANG_WARN_UNGUARDED_AVAILABILITY = YES_AGGRESSIVE;
				CLANG_WARN_UNREACHABLE_CODE = YES;
				CLANG_WARN__DUPLICATE_METHOD_MATCH = YES;
				COPY_PHASE_STRIP = NO;
				DEBUG_INFORMATION_FORMAT = "dwarf-with-dsym";
				ENABLE_NS_ASSERTIONS = NO;
				ENABLE_STRICT_OBJC_MSGSEND = YES;
				GCC_C_LANGUAGE_STANDARD = gnu11;
				GCC_NO_COMMON_BLOCKS = YES;
				GCC_WARN_64_TO_32_BIT_CONVERSION = YES;
				GCC_WARN_ABOUT_RETURN_TYPE = YES_ERROR;
				GCC_WARN_UNDECLARED_SELECTOR = YES;
				GCC_WARN_UNINITIALIZED_AUTOS = YES_AGGRESSIVE;
				GCC_WARN_UNUSED_FUNCTION = YES;
				GCC_WARN_UNUSED_VARIABLE = YES;
				MTL_ENABLE_DEBUG_INFO = NO;
				MTL_FAST_MATH = YES;
				SWIFT_COMPILATION_MODE = wholemodule;
				SWIFT_OPTIMIZATION_LEVEL = "-O";
			};
			name = Release;
		};
		AE1AB23E289D5017004276DE /* Debug */ = {
			isa = XCBuildConfiguration;
			buildSettings = {
				ASSETCATALOG_COMPILER_APPICON_NAME = AppIcon;
				ASSETCATALOG_COMPILER_GLOBAL_ACCENT_COLOR_NAME = AccentColor;
				CODE_SIGN_STYLE = Automatic;
				CURRENT_PROJECT_VERSION = 1;
				DEVELOPMENT_TEAM = M2WGS27Z4R;
				ENABLE_PREVIEWS = YES;
				GENERATE_INFOPLIST_FILE = YES;
				INFOPLIST_KEY_UIApplicationSceneManifest_Generation = YES;
				INFOPLIST_KEY_UIApplicationSupportsIndirectInputEvents = YES;
				INFOPLIST_KEY_UILaunchScreen_Generation = YES;
				INFOPLIST_KEY_UISupportedInterfaceOrientations_iPad = "UIInterfaceOrientationPortrait UIInterfaceOrientationPortraitUpsideDown UIInterfaceOrientationLandscapeLeft UIInterfaceOrientationLandscapeRight";
				INFOPLIST_KEY_UISupportedInterfaceOrientations_iPhone = "UIInterfaceOrientationPortrait UIInterfaceOrientationLandscapeLeft UIInterfaceOrientationLandscapeRight";
				IPHONEOS_DEPLOYMENT_TARGET = 15.5;
				LD_RUNPATH_SEARCH_PATHS = (
					"$(inherited)",
					"@executable_path/Frameworks",
				);
				MARKETING_VERSION = 1.0;
				PRODUCT_BUNDLE_IDENTIFIER = keepitmovin.Practicio;
				PRODUCT_NAME = Practicio;
				SDKROOT = iphoneos;
				SWIFT_EMIT_LOC_STRINGS = YES;
				SWIFT_VERSION = 5.0;
				TARGETED_DEVICE_FAMILY = "1,2";
			};
			name = Debug;
		};
		AE1AB23F289D5017004276DE /* Release */ = {
			isa = XCBuildConfiguration;
			buildSettings = {
				ASSETCATALOG_COMPILER_APPICON_NAME = AppIcon;
				ASSETCATALOG_COMPILER_GLOBAL_ACCENT_COLOR_NAME = AccentColor;
				CODE_SIGN_STYLE = Automatic;
				CURRENT_PROJECT_VERSION = 1;
				DEVELOPMENT_TEAM = M2WGS27Z4R;
				ENABLE_PREVIEWS = YES;
				GENERATE_INFOPLIST_FILE = YES;
				INFOPLIST_KEY_UIApplicationSceneManifest_Generation = YES;
				INFOPLIST_KEY_UIApplicationSupportsIndirectInputEvents = YES;
				INFOPLIST_KEY_UILaunchScreen_Generation = YES;
				INFOPLIST_KEY_UISupportedInterfaceOrientations_iPad = "UIInterfaceOrientationPortrait UIInterfaceOrientationPortraitUpsideDown UIInterfaceOrientationLandscapeLeft UIInterfaceOrientationLandscapeRight";
				INFOPLIST_KEY_UISupportedInterfaceOrientations_iPhone = "UIInterfaceOrientationPortrait UIInterfaceOrientationLandscapeLeft UIInterfaceOrientationLandscapeRight";
				IPHONEOS_DEPLOYMENT_TARGET = 15.5;
				LD_RUNPATH_SEARCH_PATHS = (
					"$(inherited)",
					"@executable_path/Frameworks",
				);
				MARKETING_VERSION = 1.0;
				PRODUCT_BUNDLE_IDENTIFIER = keepitmovin.Practicio;
				PRODUCT_NAME = Practicio;
				SDKROOT = iphoneos;
				SWIFT_EMIT_LOC_STRINGS = YES;
				SWIFT_VERSION = 5.0;
				TARGETED_DEVICE_FAMILY = "1,2";
				VALIDATE_PRODUCT = YES;
			};
			name = Release;
		};
		AE1AB241289D5017004276DE /* Debug */ = {
			isa = XCBuildConfiguration;
			buildSettings = {
				ASSETCATALOG_COMPILER_APPICON_NAME = AppIcon;
				ASSETCATALOG_COMPILER_GLOBAL_ACCENT_COLOR_NAME = AccentColor;
				CODE_SIGN_ENTITLEMENTS = macOS/macOS.entitlements;
				CODE_SIGN_STYLE = Automatic;
				COMBINE_HIDPI_IMAGES = YES;
				CURRENT_PROJECT_VERSION = 1;
				DEVELOPMENT_TEAM = M2WGS27Z4R;
				ENABLE_HARDENED_RUNTIME = YES;
				ENABLE_PREVIEWS = YES;
				GENERATE_INFOPLIST_FILE = YES;
				INFOPLIST_KEY_NSHumanReadableCopyright = "";
				LD_RUNPATH_SEARCH_PATHS = (
					"$(inherited)",
					"@executable_path/../Frameworks",
				);
				MACOSX_DEPLOYMENT_TARGET = 12.3;
				MARKETING_VERSION = 1.0;
				PRODUCT_BUNDLE_IDENTIFIER = keepitmovin.Practicio;
				PRODUCT_NAME = Practicio;
				SDKROOT = macosx;
				SWIFT_EMIT_LOC_STRINGS = YES;
				SWIFT_VERSION = 5.0;
			};
			name = Debug;
		};
		AE1AB242289D5017004276DE /* Release */ = {
			isa = XCBuildConfiguration;
			buildSettings = {
				ASSETCATALOG_COMPILER_APPICON_NAME = AppIcon;
				ASSETCATALOG_COMPILER_GLOBAL_ACCENT_COLOR_NAME = AccentColor;
				CODE_SIGN_ENTITLEMENTS = macOS/macOS.entitlements;
				CODE_SIGN_STYLE = Automatic;
				COMBINE_HIDPI_IMAGES = YES;
				CURRENT_PROJECT_VERSION = 1;
				DEVELOPMENT_TEAM = M2WGS27Z4R;
				ENABLE_HARDENED_RUNTIME = YES;
				ENABLE_PREVIEWS = YES;
				GENERATE_INFOPLIST_FILE = YES;
				INFOPLIST_KEY_NSHumanReadableCopyright = "";
				LD_RUNPATH_SEARCH_PATHS = (
					"$(inherited)",
					"@executable_path/../Frameworks",
				);
				MACOSX_DEPLOYMENT_TARGET = 12.3;
				MARKETING_VERSION = 1.0;
				PRODUCT_BUNDLE_IDENTIFIER = keepitmovin.Practicio;
				PRODUCT_NAME = Practicio;
				SDKROOT = macosx;
				SWIFT_EMIT_LOC_STRINGS = YES;
				SWIFT_VERSION = 5.0;
			};
			name = Release;
		};
		AE1AB244289D5017004276DE /* Debug */ = {
			isa = XCBuildConfiguration;
			buildSettings = {
				ALWAYS_EMBED_SWIFT_STANDARD_LIBRARIES = YES;
				CODE_SIGN_STYLE = Automatic;
				CURRENT_PROJECT_VERSION = 1;
				DEVELOPMENT_TEAM = M2WGS27Z4R;
				GENERATE_INFOPLIST_FILE = YES;
				IPHONEOS_DEPLOYMENT_TARGET = 15.5;
				MARKETING_VERSION = 1.0;
				PRODUCT_BUNDLE_IDENTIFIER = "keepitmovin.Tests-iOS";
				PRODUCT_NAME = "$(TARGET_NAME)";
				SDKROOT = iphoneos;
				SWIFT_EMIT_LOC_STRINGS = NO;
				SWIFT_VERSION = 5.0;
				TARGETED_DEVICE_FAMILY = "1,2";
				TEST_TARGET_NAME = "Practicio (iOS)";
			};
			name = Debug;
		};
		AE1AB245289D5017004276DE /* Release */ = {
			isa = XCBuildConfiguration;
			buildSettings = {
				ALWAYS_EMBED_SWIFT_STANDARD_LIBRARIES = YES;
				CODE_SIGN_STYLE = Automatic;
				CURRENT_PROJECT_VERSION = 1;
				DEVELOPMENT_TEAM = M2WGS27Z4R;
				GENERATE_INFOPLIST_FILE = YES;
				IPHONEOS_DEPLOYMENT_TARGET = 15.5;
				MARKETING_VERSION = 1.0;
				PRODUCT_BUNDLE_IDENTIFIER = "keepitmovin.Tests-iOS";
				PRODUCT_NAME = "$(TARGET_NAME)";
				SDKROOT = iphoneos;
				SWIFT_EMIT_LOC_STRINGS = NO;
				SWIFT_VERSION = 5.0;
				TARGETED_DEVICE_FAMILY = "1,2";
				TEST_TARGET_NAME = "Practicio (iOS)";
				VALIDATE_PRODUCT = YES;
			};
			name = Release;
		};
		AE1AB247289D5017004276DE /* Debug */ = {
			isa = XCBuildConfiguration;
			buildSettings = {
				ALWAYS_EMBED_SWIFT_STANDARD_LIBRARIES = YES;
				CODE_SIGN_STYLE = Automatic;
				CURRENT_PROJECT_VERSION = 1;
				DEVELOPMENT_TEAM = M2WGS27Z4R;
				GENERATE_INFOPLIST_FILE = YES;
				MACOSX_DEPLOYMENT_TARGET = 12.3;
				MARKETING_VERSION = 1.0;
				PRODUCT_BUNDLE_IDENTIFIER = "keepitmovin.Tests-macOS";
				PRODUCT_NAME = "$(TARGET_NAME)";
				SDKROOT = macosx;
				SWIFT_EMIT_LOC_STRINGS = NO;
				SWIFT_VERSION = 5.0;
				TEST_TARGET_NAME = "Practicio (macOS)";
			};
			name = Debug;
		};
		AE1AB248289D5017004276DE /* Release */ = {
			isa = XCBuildConfiguration;
			buildSettings = {
				ALWAYS_EMBED_SWIFT_STANDARD_LIBRARIES = YES;
				CODE_SIGN_STYLE = Automatic;
				CURRENT_PROJECT_VERSION = 1;
				DEVELOPMENT_TEAM = M2WGS27Z4R;
				GENERATE_INFOPLIST_FILE = YES;
				MACOSX_DEPLOYMENT_TARGET = 12.3;
				MARKETING_VERSION = 1.0;
				PRODUCT_BUNDLE_IDENTIFIER = "keepitmovin.Tests-macOS";
				PRODUCT_NAME = "$(TARGET_NAME)";
				SDKROOT = macosx;
				SWIFT_EMIT_LOC_STRINGS = NO;
				SWIFT_VERSION = 5.0;
				TEST_TARGET_NAME = "Practicio (macOS)";
			};
			name = Release;
		};
/* End XCBuildConfiguration section */

/* Begin XCConfigurationList section */
		AE1AB20B289D5012004276DE /* Build configuration list for PBXProject "Practicio" */ = {
			isa = XCConfigurationList;
			buildConfigurations = (
				AE1AB23B289D5017004276DE /* Debug */,
				AE1AB23C289D5017004276DE /* Release */,
			);
			defaultConfigurationIsVisible = 0;
			defaultConfigurationName = Release;
		};
		AE1AB23D289D5017004276DE /* Build configuration list for PBXNativeTarget "Practicio (iOS)" */ = {
			isa = XCConfigurationList;
			buildConfigurations = (
				AE1AB23E289D5017004276DE /* Debug */,
				AE1AB23F289D5017004276DE /* Release */,
			);
			defaultConfigurationIsVisible = 0;
			defaultConfigurationName = Release;
		};
		AE1AB240289D5017004276DE /* Build configuration list for PBXNativeTarget "Practicio (macOS)" */ = {
			isa = XCConfigurationList;
			buildConfigurations = (
				AE1AB241289D5017004276DE /* Debug */,
				AE1AB242289D5017004276DE /* Release */,
			);
			defaultConfigurationIsVisible = 0;
			defaultConfigurationName = Release;
		};
		AE1AB243289D5017004276DE /* Build configuration list for PBXNativeTarget "Tests iOS" */ = {
			isa = XCConfigurationList;
			buildConfigurations = (
				AE1AB244289D5017004276DE /* Debug */,
				AE1AB245289D5017004276DE /* Release */,
			);
			defaultConfigurationIsVisible = 0;
			defaultConfigurationName = Release;
		};
		AE1AB246289D5017004276DE /* Build configuration list for PBXNativeTarget "Tests macOS" */ = {
			isa = XCConfigurationList;
			buildConfigurations = (
				AE1AB247289D5017004276DE /* Debug */,
				AE1AB248289D5017004276DE /* Release */,
			);
			defaultConfigurationIsVisible = 0;
			defaultConfigurationName = Release;
		};
/* End XCConfigurationList section */

/* Begin XCVersionGroup section */
		AE1AB24C289D5165004276DE /* PracticioModel.xcdatamodeld */ = {
			isa = XCVersionGroup;
			children = (
				AE1AB24D289D5165004276DE /* PracticioModel.xcdatamodel */,
			);
			currentVersion = AE1AB24D289D5165004276DE /* PracticioModel.xcdatamodel */;
			path = PracticioModel.xcdatamodeld;
			sourceTree = "<group>";
			versionGroupType = wrapper.xcdatamodel;
		};
/* End XCVersionGroup section */
	};
	rootObject = AE1AB208289D5012004276DE /* Project object */;
}
